{
  "name": "instructions",
  "lockfileVersion": 3,
  "requires": true,
  "packages": {
    "": {
      "dependencies": {
        "gitbook-plugin-yametrika": "^1.7.0"
      }
    },
    "node_modules/gitbook-plugin-yametrika": {
      "version": "1.7.0",
      "resolved": "https://registry.npmjs.org/gitbook-plugin-yametrika/-/gitbook-plugin-yametrika-1.7.0.tgz",
      "integrity": "sha512-mcjJDwVfS1HdY/wKJfGPlzOGqTePS9Bt873hqbSUzkQfm8jQPxSm2cwlFRoB4UJlVHR62wKmYAKH6e24NHltpw==",
      "engines": {
        "gitbook": ">=0.4.6"
      }
    }
  }
}
